
Microsoft Visual Studio Solution File, Format Version 12.00
# Visual Studio Version 17
VisualStudioVersion = 17.5.002.0
MinimumVisualStudioVersion = 10.0.40219.1
Project("{2150E333-8FDC-42A3-9474-1A3956D46DE8}") = "src", "src", "{C5E95CDA-14C2-4D8B-B4AA-70CBA3FD8706}"
EndProject
Project("{2150E333-8FDC-42A3-9474-1A3956D46DE8}") = "Core", "Core", "{BCCB5586-C0BD-45C4-9534-ECC702D37569}"
EndProject
Project("{FAE04EC0-301F-11D3-BF4B-00C04F79EFBC}") = "RabbitMqLib", "src\Core\RabbitMqLib\RabbitMqLib.csproj", "{B67BAE1E-C459-4242-A2D0-7D2010FFFB7F}"
EndProject
Project("{2150E333-8FDC-42A3-9474-1A3956D46DE8}") = "Publisher", "Publisher", "{06289704-A420-47FA-AF13-BA93423D29B9}"
EndProject
Project("{FAE04EC0-301F-11D3-BF4B-00C04F79EFBC}") = "Compras.Console", "src\Publisher\Compras.Console\Compras.Console.csproj", "{FE0D2599-9C21-4047-86F3-7DAC3A3AE940}"
EndProject
Project("{FAE04EC0-301F-11D3-BF4B-00C04F79EFBC}") = "Financeiro.Console", "src\Publisher\Financeiro.Console\Financeiro.Console.csproj", "{E08381BD-D8A7-4B6F-9234-45B1D4FCD066}"
EndProject
Project("{2150E333-8FDC-42A3-9474-1A3956D46DE8}") = "Consumer", "Consumer", "{2791C82D-A2F2-48DB-A8E7-887E117E1502}"
EndProject
Project("{FAE04EC0-301F-11D3-BF4B-00C04F79EFBC}") = "Compras.Credito", "src\Consumer\Compras.Credito\Compras.Credito.csproj", "{662401BD-D58E-4ED5-B0E7-A8FFAED66B2C}"
EndProject
Project("{FAE04EC0-301F-11D3-BF4B-00C04F79EFBC}") = "Compras.Debito", "src\Consumer\Compras.Debito\Compras.Debito.csproj", "{1D9AD056-2230-44B5-9C58-887F72A9DDD9}"
EndProject
Project("{FAE04EC0-301F-11D3-BF4B-00C04F79EFBC}") = "Financeiro", "src\Consumer\Financeiro\Financeiro.csproj", "{7960C5A0-443B-4995-93F1-230F8DAC5E4A}"
EndProject
Project("{2150E333-8FDC-42A3-9474-1A3956D46DE8}") = "tests", "tests", "{1155C30E-EF9D-4BD7-9C7B-1E256B40DDC0}"
EndProject
Project("{FAE04EC0-301F-11D3-BF4B-00C04F79EFBC}") = "RabbitMqLib.Tests", "tests\RabbitMqLib.Tests\RabbitMqLib.Tests.csproj", "{FAF54D7E-5675-463F-B9E5-D9314846499F}"
EndProject
Global
	GlobalSection(SolutionConfigurationPlatforms) = preSolution
		Debug|Any CPU = Debug|Any CPU
		Release|Any CPU = Release|Any CPU
	EndGlobalSection
	GlobalSection(ProjectConfigurationPlatforms) = postSolution
		{B67BAE1E-C459-4242-A2D0-7D2010FFFB7F}.Debug|Any CPU.ActiveCfg = Debug|Any CPU
		{B67BAE1E-C459-4242-A2D0-7D2010FFFB7F}.Debug|Any CPU.Build.0 = Debug|Any CPU
		{B67BAE1E-C459-4242-A2D0-7D2010FFFB7F}.Release|Any CPU.ActiveCfg = Release|Any CPU
		{B67BAE1E-C459-4242-A2D0-7D2010FFFB7F}.Release|Any CPU.Build.0 = Release|Any CPU
		{FE0D2599-9C21-4047-86F3-7DAC3A3AE940}.Debug|Any CPU.ActiveCfg = Debug|Any CPU
		{FE0D2599-9C21-4047-86F3-7DAC3A3AE940}.Debug|Any CPU.Build.0 = Debug|Any CPU
		{FE0D2599-9C21-4047-86F3-7DAC3A3AE940}.Release|Any CPU.ActiveCfg = Release|Any CPU
		{FE0D2599-9C21-4047-86F3-7DAC3A3AE940}.Release|Any CPU.Build.0 = Release|Any CPU
		{E08381BD-D8A7-4B6F-9234-45B1D4FCD066}.Debug|Any CPU.ActiveCfg = Debug|Any CPU
		{E08381BD-D8A7-4B6F-9234-45B1D4FCD066}.Debug|Any CPU.Build.0 = Debug|Any CPU
		{E08381BD-D8A7-4B6F-9234-45B1D4FCD066}.Release|Any CPU.ActiveCfg = Release|Any CPU
		{E08381BD-D8A7-4B6F-9234-45B1D4FCD066}.Release|Any CPU.Build.0 = Release|Any CPU
		{662401BD-D58E-4ED5-B0E7-A8FFAED66B2C}.Debug|Any CPU.ActiveCfg = Debug|Any CPU
		{662401BD-D58E-4ED5-B0E7-A8FFAED66B2C}.Debug|Any CPU.Build.0 = Debug|Any CPU
		{662401BD-D58E-4ED5-B0E7-A8FFAED66B2C}.Release|Any CPU.ActiveCfg = Release|Any CPU
		{662401BD-D58E-4ED5-B0E7-A8FFAED66B2C}.Release|Any CPU.Build.0 = Release|Any CPU
		{1D9AD056-2230-44B5-9C58-887F72A9DDD9}.Debug|Any CPU.ActiveCfg = Debug|Any CPU
		{1D9AD056-2230-44B5-9C58-887F72A9DDD9}.Debug|Any CPU.Build.0 = Debug|Any CPU
		{1D9AD056-2230-44B5-9C58-887F72A9DDD9}.Release|Any CPU.ActiveCfg = Release|Any CPU
		{1D9AD056-2230-44B5-9C58-887F72A9DDD9}.Release|Any CPU.Build.0 = Release|Any CPU
		{7960C5A0-443B-4995-93F1-230F8DAC5E4A}.Debug|Any CPU.ActiveCfg = Debug|Any CPU
		{7960C5A0-443B-4995-93F1-230F8DAC5E4A}.Debug|Any CPU.Build.0 = Debug|Any CPU
		{7960C5A0-443B-4995-93F1-230F8DAC5E4A}.Release|Any CPU.ActiveCfg = Release|Any CPU
		{7960C5A0-443B-4995-93F1-230F8DAC5E4A}.Release|Any CPU.Build.0 = Release|Any CPU
		{FAF54D7E-5675-463F-B9E5-D9314846499F}.Debug|Any CPU.ActiveCfg = Debug|Any CPU
		{FAF54D7E-5675-463F-B9E5-D9314846499F}.Debug|Any CPU.Build.0 = Debug|Any CPU
		{FAF54D7E-5675-463F-B9E5-D9314846499F}.Release|Any CPU.ActiveCfg = Release|Any CPU
		{FAF54D7E-5675-463F-B9E5-D9314846499F}.Release|Any CPU.Build.0 = Release|Any CPU
	EndGlobalSection
	GlobalSection(SolutionProperties) = preSolution
		HideSolutionNode = FALSE
	EndGlobalSection
	GlobalSection(ExtensibilityGlobals) = postSolution
		SolutionGuid = {33C659A5-9244-4991-BCD8-F9D6FC555A34}
	EndGlobalSection
	GlobalSection(NestedProjects) = preSolution
		{BCCB5586-C0BD-45C4-9534-ECC702D37569} = {C5E95CDA-14C2-4D8B-B4AA-70CBA3FD8706}
		{B67BAE1E-C459-4242-A2D0-7D2010FFFB7F} = {BCCB5586-C0BD-45C4-9534-ECC702D37569}
		{06289704-A420-47FA-AF13-BA93423D29B9} = {C5E95CDA-14C2-4D8B-B4AA-70CBA3FD8706}
		{FE0D2599-9C21-4047-86F3-7DAC3A3AE940} = {06289704-A420-47FA-AF13-BA93423D29B9}
		{E08381BD-D8A7-4B6F-9234-45B1D4FCD066} = {06289704-A420-47FA-AF13-BA93423D29B9}
		{2791C82D-A2F2-48DB-A8E7-887E117E1502} = {C5E95CDA-14C2-4D8B-B4AA-70CBA3FD8706}
		{662401BD-D58E-4ED5-B0E7-A8FFAED66B2C} = {2791C82D-A2F2-48DB-A8E7-887E117E1502}
		{1D9AD056-2230-44B5-9C58-887F72A9DDD9} = {2791C82D-A2F2-48DB-A8E7-887E117E1502}
		{7960C5A0-443B-4995-93F1-230F8DAC5E4A} = {2791C82D-A2F2-48DB-A8E7-887E117E1502}
		{FAF54D7E-5675-463F-B9E5-D9314846499F} = {1155C30E-EF9D-4BD7-9C7B-1E256B40DDC0}
	EndGlobalSection
EndGlobal
