
Microsoft Visual Studio Solution File, Format Version 12.00
# Visual Studio Version 17
VisualStudioVersion = 17.5.002.0
MinimumVisualStudioVersion = 10.0.40219.1
Project("{2150E333-8FDC-42A3-9474-1A3956D46DE8}") = "Publisher", "Publisher", "{2B6C94DA-D766-4E15-9EF2-396FC3F91012}"
EndProject
Project("{9A19103F-16F7-4668-BE54-9A1E7A4F7556}") = "Publisher.RabbitMq", "Publisher\Publisher.RabbitMq\Publisher.RabbitMq.csproj", "{24059F9D-D7FC-45ED-B5B1-AB4684327961}"
EndProject
Project("{2150E333-8FDC-42A3-9474-1A3956D46DE8}") = "Consumer", "Consumer", "{D8479002-58AB-4250-B4B5-B40FCAA558D5}"
EndProject
Project("{FAE04EC0-301F-11D3-BF4B-00C04F79EFBC}") = "Consumer.RabbitMq", "Consumer\Consumer.RabbitMq\Consumer.RabbitMq.csproj", "{F775E32F-A777-4EE9-A865-FF1913D92100}"
EndProject
Global
	GlobalSection(SolutionConfigurationPlatforms) = preSolution
		Debug|Any CPU = Debug|Any CPU
		Release|Any CPU = Release|Any CPU
	EndGlobalSection
	GlobalSection(ProjectConfigurationPlatforms) = postSolution
		{24059F9D-D7FC-45ED-B5B1-AB4684327961}.Debug|Any CPU.ActiveCfg = Debug|Any CPU
		{24059F9D-D7FC-45ED-B5B1-AB4684327961}.Debug|Any CPU.Build.0 = Debug|Any CPU
		{24059F9D-D7FC-45ED-B5B1-AB4684327961}.Release|Any CPU.ActiveCfg = Release|Any CPU
		{24059F9D-D7FC-45ED-B5B1-AB4684327961}.Release|Any CPU.Build.0 = Release|Any CPU
		{F775E32F-A777-4EE9-A865-FF1913D92100}.Debug|Any CPU.ActiveCfg = Debug|Any CPU
		{F775E32F-A777-4EE9-A865-FF1913D92100}.Debug|Any CPU.Build.0 = Debug|Any CPU
		{F775E32F-A777-4EE9-A865-FF1913D92100}.Release|Any CPU.ActiveCfg = Release|Any CPU
		{F775E32F-A777-4EE9-A865-FF1913D92100}.Release|Any CPU.Build.0 = Release|Any CPU
	EndGlobalSection
	GlobalSection(SolutionProperties) = preSolution
		HideSolutionNode = FALSE
	EndGlobalSection
	GlobalSection(NestedProjects) = preSolution
		{24059F9D-D7FC-45ED-B5B1-AB4684327961} = {2B6C94DA-D766-4E15-9EF2-396FC3F91012}
		{F775E32F-A777-4EE9-A865-FF1913D92100} = {D8479002-58AB-4250-B4B5-B40FCAA558D5}
	EndGlobalSection
	GlobalSection(ExtensibilityGlobals) = postSolution
		SolutionGuid = {33C659A5-9244-4991-BCD8-F9D6FC555A34}
	EndGlobalSection
EndGlobal
